
Microsoft Visual Studio Solution File, Format Version 12.00
# Visual Studio Version 17
VisualStudioVersion = 17.11.35303.130
MinimumVisualStudioVersion = 10.0.40219.1
Project("{FAE04EC0-301F-11D3-BF4B-00C04F79EFBC}") = "TermsOfBuying", "TermsOfBuying\TermsOfBuying.csproj", "{A8E8172F-9476-4B01-8D77-2538F12FF4F2}"
EndProject
Global
	GlobalSection(SolutionConfigurationPlatforms) = preSolution
		Debug|Any CPU = Debug|Any CPU
		Release|Any CPU = Release|Any CPU
	EndGlobalSection
	GlobalSection(ProjectConfigurationPlatforms) = postSolution
		{A8E8172F-9476-4B01-8D77-2538F12FF4F2}.Debug|Any CPU.ActiveCfg = Debug|Any CPU
		{A8E8172F-9476-4B01-8D77-2538F12FF4F2}.Debug|Any CPU.Build.0 = Debug|Any CPU
		{A8E8172F-9476-4B01-8D77-2538F12FF4F2}.Release|Any CPU.ActiveCfg = Release|Any CPU
		{A8E8172F-9476-4B01-8D77-2538F12FF4F2}.Release|Any CPU.Build.0 = Release|Any CPU
	EndGlobalSection
	GlobalSection(SolutionProperties) = preSolution
		HideSolutionNode = FALSE
	EndGlobalSection
	GlobalSection(ExtensibilityGlobals) = postSolution
		SolutionGuid = {0B8E6BE0-2B22-4489-958E-67F5872E935A}
	EndGlobalSection
EndGlobal
